PODS:
  - OCMock (3.4.3)
  - Reachability (3.2)
  - Vialer-pjsip-iOS (3.4.1)
  - VialerSIPLib (3.7.3):
    - Reachability
    - Vialer-pjsip-iOS

DEPENDENCIES:
  - OCMock
  - VialerSIPLib (from `../`)

SPEC REPOS:
  trunk:
    - OCMock
    - Reachability
    - Vialer-pjsip-iOS

EXTERNAL SOURCES:
  VialerSIPLib:
    :path: "../"

SPEC CHECKSUMS:
  OCMock: 43565190abc78977ad44a61c0d20d7f0784d35ab
  Reachability: 33e18b67625424e47b6cde6d202dce689ad7af96
  Vialer-pjsip-iOS: 9b8fc1226e9a51150642b9cc81a8c62c9e9c530b
  VialerSIPLib: 69bd8597dbc32339aa29a2cb7ce95004f3a0f327

PODFILE CHECKSUM: 001324eb699ed29a99b4b3b3e8a4cb9e443dbe65

COCOAPODS: 1.11.3
